// !$*UTF8*$!
{
	archiveVersion = 1;
	classes = {
	};
	objectVersion = 56;
	objects = {

/* Begin PBXBuildFile section */
		A71D03052A8DCDA7002FC9F0 /* LandmarksApp.swift in Sources */ = {isa = PBXBuildFile; fileRef = A71D03042A8DCDA7002FC9F0 /* LandmarksApp.swift */; };
		A71D03072A8DCDA7002FC9F0 /* ContentView.swift in Sources */ = {isa = PBXBuildFile; fileRef = A71D03062A8DCDA7002FC9F0 /* ContentView.swift */; };
		A71D03092A8DCDA8002FC9F0 /* Assets.xcassets in Resources */ = {isa = PBXBuildFile; fileRef = A71D03082A8DCDA8002FC9F0 /* Assets.xcassets */; };
		A71D030C2A8DCDA8002FC9F0 /* Preview Assets.xcassets in Resources */ = {isa = PBXBuildFile; fileRef = A71D030B2A8DCDA8002FC9F0 /* Preview Assets.xcassets */; };
		A71D03162A8DCDA8002FC9F0 /* LandmarksTests.swift in Sources */ = {isa = PBXBuildFile; fileRef = A71D03152A8DCDA8002FC9F0 /* LandmarksTests.swift */; };
		A71D03202A8DCDA8002FC9F0 /* LandmarksUITests.swift in Sources */ = {isa = PBXBuildFile; fileRef = A71D031F2A8DCDA8002FC9F0 /* LandmarksUITests.swift */; };
		A71D03222A8DCDA8002FC9F0 /* LandmarksUITestsLaunchTests.swift in Sources */ = {isa = PBXBuildFile; fileRef = A71D03212A8DCDA8002FC9F0 /* LandmarksUITestsLaunchTests.swift */; };
		A71D03302A8DD88D002FC9F0 /* redhatdisplay-regular.ttf in Resources */ = {isa = PBXBuildFile; fileRef = A71D032F2A8DD88D002FC9F0 /* redhatdisplay-regular.ttf */; };
/* End PBXBuildFile section */

/* Begin PBXContainerItemProxy section */
		A71D03122A8DCDA8002FC9F0 /* PBXContainerItemProxy */ = {
			isa = PBXContainerItemProxy;
			containerPortal = A71D02F92A8DCDA7002FC9F0 /* Project object */;
			proxyType = 1;
			remoteGlobalIDString = A71D03002A8DCDA7002FC9F0;
			remoteInfo = Landmarks;
		};
		A71D031C2A8DCDA8002FC9F0 /* PBXContainerItemProxy */ = {
			isa = PBXContainerItemProxy;
			containerPortal = A71D02F92A8DCDA7002FC9F0 /* Project object */;
			proxyType = 1;
			remoteGlobalIDString = A71D03002A8DCDA7002FC9F0;
			remoteInfo = Landmarks;
		};
/* End PBXContainerItemProxy section */

/* Begin PBXFileReference section */
		A71D03012A8DCDA7002FC9F0 /* IndonesiaIndependenceDay.app */ = {isa = PBXFileReference; explicitFileType = wrapper.application; includeInIndex = 0; path = IndonesiaIndependenceDay.app; sourceTree = BUILT_PRODUCTS_DIR; };
		A71D03042A8DCDA7002FC9F0 /* LandmarksApp.swift */ = {isa = PBXFileReference; lastKnownFileType = sourcecode.swift; path = LandmarksApp.swift; sourceTree = "<group>"; };
		A71D03062A8DCDA7002FC9F0 /* ContentView.swift */ = {isa = PBXFileReference; lastKnownFileType = sourcecode.swift; path = ContentView.swift; sourceTree = "<group>"; };
		A71D03082A8DCDA8002FC9F0 /* Assets.xcassets */ = {isa = PBXFileReference; lastKnownFileType = folder.assetcatalog; path = Assets.xcassets; sourceTree = "<group>"; };
		A71D030B2A8DCDA8002FC9F0 /* Preview Assets.xcassets */ = {isa = PBXFileReference; lastKnownFileType = folder.assetcatalog; path = "Preview Assets.xcassets"; sourceTree = "<group>"; };
		A71D03112A8DCDA8002FC9F0 /* IndonesiaIndependenceDayTests.xctest */ = {isa = PBXFileReference; explicitFileType = wrapper.cfbundle; includeInIndex = 0; path = IndonesiaIndependenceDayTests.xctest; sourceTree = BUILT_PRODUCTS_DIR; };
		A71D03152A8DCDA8002FC9F0 /* LandmarksTests.swift */ = {isa = PBXFileReference; lastKnownFileType = sourcecode.swift; path = LandmarksTests.swift; sourceTree = "<group>"; };
		A71D031B2A8DCDA8002FC9F0 /* IndonesiaIndependenceDayUITests.xctest */ = {isa = PBXFileReference; explicitFileType = wrapper.cfbundle; includeInIndex = 0; path = IndonesiaIndependenceDayUITests.xctest; sourceTree = BUILT_PRODUCTS_DIR; };
		A71D031F2A8DCDA8002FC9F0 /* LandmarksUITests.swift */ = {isa = PBXFileReference; lastKnownFileType = sourcecode.swift; path = LandmarksUITests.swift; sourceTree = "<group>"; };
		A71D03212A8DCDA8002FC9F0 /* LandmarksUITestsLaunchTests.swift */ = {isa = PBXFileReference; lastKnownFileType = sourcecode.swift; path = LandmarksUITestsLaunchTests.swift; sourceTree = "<group>"; };
		A71D032F2A8DD88D002FC9F0 /* redhatdisplay-regular.ttf */ = {isa = PBXFileReference; lastKnownFileType = file; path = "redhatdisplay-regular.ttf"; sourceTree = "<group>"; };
/* End PBXFileReference section */

/* Begin PBXFrameworksBuildPhase section */
		A71D02FE2A8DCDA7002FC9F0 /* Frameworks */ = {
			isa = PBXFrameworksBuildPhase;
			buildActionMask = 2147483647;
			files = (
			);
			runOnlyForDeploymentPostprocessing = 0;
		};
		A71D030E2A8DCDA8002FC9F0 /* Frameworks */ = {
			isa = PBXFrameworksBuildPhase;
			buildActionMask = 2147483647;
			files = (
			);
			runOnlyForDeploymentPostprocessing = 0;
		};
		A71D03182A8DCDA8002FC9F0 /* Frameworks */ = {
			isa = PBXFrameworksBuildPhase;
			buildActionMask = 2147483647;
			files = (
			);
			runOnlyForDeploymentPostprocessing = 0;
		};
/* End PBXFrameworksBuildPhase section */

/* Begin PBXGroup section */
		A71D02F82A8DCDA7002FC9F0 = {
			isa = PBXGroup;
			children = (
				A71D03032A8DCDA7002FC9F0 /* IndonesiaIndependenceDay */,
				A71D03142A8DCDA8002FC9F0 /* IndonesiaIndependenceDayTests */,
				A71D031E2A8DCDA8002FC9F0 /* IndonesiaIndependenceDayUITests */,
				A71D03022A8DCDA7002FC9F0 /* Products */,
			);
			sourceTree = "<group>";
		};
		A71D03022A8DCDA7002FC9F0 /* Products */ = {
			isa = PBXGroup;
			children = (
				A71D03012A8DCDA7002FC9F0 /* IndonesiaIndependenceDay.app */,
				A71D03112A8DCDA8002FC9F0 /* IndonesiaIndependenceDayTests.xctest */,
				A71D031B2A8DCDA8002FC9F0 /* IndonesiaIndependenceDayUITests.xctest */,
			);
			name = Products;
			sourceTree = "<group>";
		};
		A71D03032A8DCDA7002FC9F0 /* IndonesiaIndependenceDay */ = {
			isa = PBXGroup;
			children = (
				A71D032E2A8DD871002FC9F0 /* Fonts */,
				A71D03042A8DCDA7002FC9F0 /* LandmarksApp.swift */,
				A71D03062A8DCDA7002FC9F0 /* ContentView.swift */,
				A71D03082A8DCDA8002FC9F0 /* Assets.xcassets */,
				A71D030A2A8DCDA8002FC9F0 /* Preview Content */,
			);
			path = IndonesiaIndependenceDay;
			sourceTree = "<group>";
		};
		A71D030A2A8DCDA8002FC9F0 /* Preview Content */ = {
			isa = PBXGroup;
			children = (
				A71D030B2A8DCDA8002FC9F0 /* Preview Assets.xcassets */,
			);
			path = "Preview Content";
			sourceTree = "<group>";
		};
		A71D03142A8DCDA8002FC9F0 /* IndonesiaIndependenceDayTests */ = {
			isa = PBXGroup;
			children = (
				A71D03152A8DCDA8002FC9F0 /* LandmarksTests.swift */,
			);
			path = IndonesiaIndependenceDayTests;
			sourceTree = "<group>";
		};
		A71D031E2A8DCDA8002FC9F0 /* IndonesiaIndependenceDayUITests */ = {
			isa = PBXGroup;
			children = (
				A71D031F2A8DCDA8002FC9F0 /* LandmarksUITests.swift */,
				A71D03212A8DCDA8002FC9F0 /* LandmarksUITestsLaunchTests.swift */,
			);
			path = IndonesiaIndependenceDayUITests;
			sourceTree = "<group>";
		};
		A71D032E2A8DD871002FC9F0 /* Fonts */ = {
			isa = PBXGroup;
			children = (
				A71D032F2A8DD88D002FC9F0 /* redhatdisplay-regular.ttf */,
			);
			path = Fonts;
			sourceTree = "<group>";
		};
/* End PBXGroup section */

/* Begin PBXNativeTarget section */
		A71D03002A8DCDA7002FC9F0 /* IndonesiaIndependenceDay */ = {
			isa = PBXNativeTarget;
			buildConfigurationList = A71D03252A8DCDA8002FC9F0 /* Build configuration list for PBXNativeTarget "IndonesiaIndependenceDay" */;
			buildPhases = (
				A71D02FD2A8DCDA7002FC9F0 /* Sources */,
				A71D02FE2A8DCDA7002FC9F0 /* Frameworks */,
				A71D02FF2A8DCDA7002FC9F0 /* Resources */,
			);
			buildRules = (
			);
			dependencies = (
			);
			name = IndonesiaIndependenceDay;
			productName = Landmarks;
			productReference = A71D03012A8DCDA7002FC9F0 /* IndonesiaIndependenceDay.app */;
			productType = "com.apple.product-type.application";
		};
		A71D03102A8DCDA8002FC9F0 /* IndonesiaIndependenceDayTests */ = {
			isa = PBXNativeTarget;
			buildConfigurationList = A71D03282A8DCDA8002FC9F0 /* Build configuration list for PBXNativeTarget "IndonesiaIndependenceDayTests" */;
			buildPhases = (
				A71D030D2A8DCDA8002FC9F0 /* Sources */,
				A71D030E2A8DCDA8002FC9F0 /* Frameworks */,
				A71D030F2A8DCDA8002FC9F0 /* Resources */,
			);
			buildRules = (
			);
			dependencies = (
				A71D03132A8DCDA8002FC9F0 /* PBXTargetDependency */,
			);
			name = IndonesiaIndependenceDayTests;
			productName = LandmarksTests;
			productReference = A71D03112A8DCDA8002FC9F0 /* IndonesiaIndependenceDayTests.xctest */;
			productType = "com.apple.product-type.bundle.unit-test";
		};
		A71D031A2A8DCDA8002FC9F0 /* IndonesiaIndependenceDayUITests */ = {
			isa = PBXNativeTarget;
			buildConfigurationList = A71D032B2A8DCDA8002FC9F0 /* Build configuration list for PBXNativeTarget "IndonesiaIndependenceDayUITests" */;
			buildPhases = (
				A71D03172A8DCDA8002FC9F0 /* Sources */,
				A71D03182A8DCDA8002FC9F0 /* Frameworks */,
				A71D03192A8DCDA8002FC9F0 /* Resources */,
			);
			buildRules = (
			);
			dependencies = (
				A71D031D2A8DCDA8002FC9F0 /* PBXTargetDependency */,
			);
			name = IndonesiaIndependenceDayUITests;
			productName = LandmarksUITests;
			productReference = A71D031B2A8DCDA8002FC9F0 /* IndonesiaIndependenceDayUITests.xctest */;
			productType = "com.apple.product-type.bundle.ui-testing";
		};
/* End PBXNativeTarget section */

/* Begin PBXProject section */
		A71D02F92A8DCDA7002FC9F0 /* Project object */ = {
			isa = PBXProject;
			attributes = {
				BuildIndependentTargetsInParallel = 1;
				LastSwiftUpdateCheck = 1430;
				LastUpgradeCheck = 1430;
				TargetAttributes = {
					A71D03002A8DCDA7002FC9F0 = {
						CreatedOnToolsVersion = 14.3.1;
					};
					A71D03102A8DCDA8002FC9F0 = {
						CreatedOnToolsVersion = 14.3.1;
						TestTargetID = A71D03002A8DCDA7002FC9F0;
					};
					A71D031A2A8DCDA8002FC9F0 = {
						CreatedOnToolsVersion = 14.3.1;
						TestTargetID = A71D03002A8DCDA7002FC9F0;
					};
				};
			};
			buildConfigurationList = A71D02FC2A8DCDA7002FC9F0 /* Build configuration list for PBXProject "IndonesiaIndependenceDay" */;
			compatibilityVersion = "Xcode 14.0";
			developmentRegion = en;
			hasScannedForEncodings = 0;
			knownRegions = (
				en,
				Base,
			);
			mainGroup = A71D02F82A8DCDA7002FC9F0;
			productRefGroup = A71D03022A8DCDA7002FC9F0 /* Products */;
			projectDirPath = "";
			projectRoot = "";
			targets = (
				A71D03002A8DCDA7002FC9F0 /* IndonesiaIndependenceDay */,
				A71D03102A8DCDA8002FC9F0 /* IndonesiaIndependenceDayTests */,
				A71D031A2A8DCDA8002FC9F0 /* IndonesiaIndependenceDayUITests */,
			);
		};
/* End PBXProject section */

/* Begin PBXResourcesBuildPhase section */
		A71D02FF2A8DCDA7002FC9F0 /* Resources */ = {
			isa = PBXResourcesBuildPhase;
			buildActionMask = 2147483647;
			files = (
				A71D030C2A8DCDA8002FC9F0 /* Preview Assets.xcassets in Resources */,
				A71D03302A8DD88D002FC9F0 /* redhatdisplay-regular.ttf in Resources */,
				A71D03092A8DCDA8002FC9F0 /* Assets.xcassets in Resources */,
			);
			runOnlyForDeploymentPostprocessing = 0;
		};
		A71D030F2A8DCDA8002FC9F0 /* Resources */ = {
			isa = PBXResourcesBuildPhase;
			buildActionMask = 2147483647;
			files = (
			);
			runOnlyForDeploymentPostprocessing = 0;
		};
		A71D03192A8DCDA8002FC9F0 /* Resources */ = {
			isa = PBXResourcesBuildPhase;
			buildActionMask = 2147483647;
			files = (
			);
			runOnlyForDeploymentPostprocessing = 0;
		};
/* End PBXResourcesBuildPhase section */

/* Begin PBXSourcesBuildPhase section */
		A71D02FD2A8DCDA7002FC9F0 /* Sources */ = {
			isa = PBXSourcesBuildPhase;
			buildActionMask = 2147483647;
			files = (
				A71D03072A8DCDA7002FC9F0 /* ContentView.swift in Sources */,
				A71D03052A8DCDA7002FC9F0 /* LandmarksApp.swift in Sources */,
			);
			runOnlyForDeploymentPostprocessing = 0;
		};
		A71D030D2A8DCDA8002FC9F0 /* Sources */ = {
			isa = PBXSourcesBuildPhase;
			buildActionMask = 2147483647;
			files = (
				A71D03162A8DCDA8002FC9F0 /* LandmarksTests.swift in Sources */,
			);
			runOnlyForDeploymentPostprocessing = 0;
		};
		A71D03172A8DCDA8002FC9F0 /* Sources */ = {
			isa = PBXSourcesBuildPhase;
			buildActionMask = 2147483647;
			files = (
				A71D03222A8DCDA8002FC9F0 /* LandmarksUITestsLaunchTests.swift in Sources */,
				A71D03202A8DCDA8002FC9F0 /* LandmarksUITests.swift in Sources */,
			);
			runOnlyForDeploymentPostprocessing = 0;
		};
/* End PBXSourcesBuildPhase section */

/* Begin PBXTargetDependency section */
		A71D03132A8DCDA8002FC9F0 /* PBXTargetDependency */ = {
			isa = PBXTargetDependency;
			target = A71D03002A8DCDA7002FC9F0 /* IndonesiaIndependenceDay */;
			targetProxy = A71D03122A8DCDA8002FC9F0 /* PBXContainerItemProxy */;
		};
		A71D031D2A8DCDA8002FC9F0 /* PBXTargetDependency */ = {
			isa = PBXTargetDependency;
			target = A71D03002A8DCDA7002FC9F0 /* IndonesiaIndependenceDay */;
			targetProxy = A71D031C2A8DCDA8002FC9F0 /* PBXContainerItemProxy */;
		};
/* End PBXTargetDependency section */

/* Begin XCBuildConfiguration section */
		A71D03232A8DCDA8002FC9F0 /* Debug */ = {
			isa = XCBuildConfiguration;
			buildSettings = {
				ALWAYS_SEARCH_USER_PATHS = NO;
				CLANG_ANALYZER_NONNULL = YES;
				CLANG_ANALYZER_NUMBER_OBJECT_CONVERSION = YES_AGGRESSIVE;
				CLANG_CXX_LANGUAGE_STANDARD = "gnu++20";
				CLANG_ENABLE_MODULES = YES;
				CLANG_ENABLE_OBJC_ARC = YES;
				CLANG_ENABLE_OBJC_WEAK = YES;
				CLANG_WARN_BLOCK_CAPTURE_AUTORELEASING = YES;
				CLANG_WARN_BOOL_CONVERSION = YES;
				CLANG_WARN_COMMA = YES;
				CLANG_WARN_CONSTANT_CONVERSION = YES;
				CLANG_WARN_DEPRECATED_OBJC_IMPLEMENTATIONS = YES;
				CLANG_WARN_DIRECT_OBJC_ISA_USAGE = YES_ERROR;
				CLANG_WARN_DOCUMENTATION_COMMENTS = YES;
				CLANG_WARN_EMPTY_BODY = YES;
				CLANG_WARN_ENUM_CONVERSION = YES;
				CLANG_WARN_INFINITE_RECURSION = YES;
				CLANG_WARN_INT_CONVERSION = YES;
				CLANG_WARN_NON_LITERAL_NULL_CONVERSION = YES;
				CLANG_WARN_OBJC_IMPLICIT_RETAIN_SELF = YES;
				CLANG_WARN_OBJC_LITERAL_CONVERSION = YES;
				CLANG_WARN_OBJC_ROOT_CLASS = YES_ERROR;
				CLANG_WARN_QUOTED_INCLUDE_IN_FRAMEWORK_HEADER = YES;
				CLANG_WARN_RANGE_LOOP_ANALYSIS = YES;
				CLANG_WARN_STRICT_PROTOTYPES = YES;
				CLANG_WARN_SUSPICIOUS_MOVE = YES;
				CLANG_WARN_UNGUARDED_AVAILABILITY = YES_AGGRESSIVE;
				CLANG_WARN_UNREACHABLE_CODE = YES;
				CLANG_WARN__DUPLICATE_METHOD_MATCH = YES;
				COPY_PHASE_STRIP = NO;
				DEBUG_INFORMATION_FORMAT = dwarf;
				ENABLE_STRICT_OBJC_MSGSEND = YES;
				ENABLE_TESTABILITY = YES;
				GCC_C_LANGUAGE_STANDARD = gnu11;
				GCC_DYNAMIC_NO_PIC = NO;
				GCC_NO_COMMON_BLOCKS = YES;
				GCC_OPTIMIZATION_LEVEL = 0;
				GCC_PREPROCESSOR_DEFINITIONS = (
					"DEBUG=1",
					"$(inherited)",
				);
				GCC_WARN_64_TO_32_BIT_CONVERSION = YES;
				GCC_WARN_ABOUT_RETURN_TYPE = YES_ERROR;
				GCC_WARN_UNDECLARED_SELECTOR = YES;
				GCC_WARN_UNINITIALIZED_AUTOS = YES_AGGRESSIVE;
				GCC_WARN_UNUSED_FUNCTION = YES;
				GCC_WARN_UNUSED_VARIABLE = YES;
				IPHONEOS_DEPLOYMENT_TARGET = 16.4;
				MTL_ENABLE_DEBUG_INFO = INCLUDE_SOURCE;
				MTL_FAST_MATH = YES;
				ONLY_ACTIVE_ARCH = YES;
				SDKROOT = iphoneos;
				SWIFT_ACTIVE_COMPILATION_CONDITIONS = DEBUG;
				SWIFT_OPTIMIZATION_LEVEL = "-Onone";
			};
			name = Debug;
		};
		A71D03242A8DCDA8002FC9F0 /* Release */ = {
			isa = XCBuildConfiguration;
			buildSettings = {
				ALWAYS_SEARCH_USER_PATHS = NO;
				CLANG_ANALYZER_NONNULL = YES;
				CLANG_ANALYZER_NUMBER_OBJECT_CONVERSION = YES_AGGRESSIVE;
				CLANG_CXX_LANGUAGE_STANDARD = "gnu++20";
				CLANG_ENABLE_MODULES = YES;
				CLANG_ENABLE_OBJC_ARC = YES;
				CLANG_ENABLE_OBJC_WEAK = YES;
				CLANG_WARN_BLOCK_CAPTURE_AUTORELEASING = YES;
				CLANG_WARN_BOOL_CONVERSION = YES;
				CLANG_WARN_COMMA = YES;
				CLANG_WARN_CONSTANT_CONVERSION = YES;
				CLANG_WARN_DEPRECATED_OBJC_IMPLEMENTATIONS = YES;
				CLANG_WARN_DIRECT_OBJC_ISA_USAGE = YES_ERROR;
				CLANG_WARN_DOCUMENTATION_COMMENTS = YES;
				CLANG_WARN_EMPTY_BODY = YES;
				CLANG_WARN_ENUM_CONVERSION = YES;
				CLANG_WARN_INFINITE_RECURSION = YES;
				CLANG_WARN_INT_CONVERSION = YES;
				CLANG_WARN_NON_LITERAL_NULL_CONVERSION = YES;
				CLANG_WARN_OBJC_IMPLICIT_RETAIN_SELF = YES;
				CLANG_WARN_OBJC_LITERAL_CONVERSION = YES;
				CLANG_WARN_OBJC_ROOT_CLASS = YES_ERROR;
				CLANG_WARN_QUOTED_INCLUDE_IN_FRAMEWORK_HEADER = YES;
				CLANG_WARN_RANGE_LOOP_ANALYSIS = YES;
				CLANG_WARN_STRICT_PROTOTYPES = YES;
				CLANG_WARN_SUSPICIOUS_MOVE = YES;
				CLANG_WARN_UNGUARDED_AVAILABILITY = YES_AGGRESSIVE;
				CLANG_WARN_UNREACHABLE_CODE = YES;
				CLANG_WARN__DUPLICATE_METHOD_MATCH = YES;
				COPY_PHASE_STRIP = NO;
				DEBUG_INFORMATION_FORMAT = "dwarf-with-dsym";
				ENABLE_NS_ASSERTIONS = NO;
				ENABLE_STRICT_OBJC_MSGSEND = YES;
				GCC_C_LANGUAGE_STANDARD = gnu11;
				GCC_NO_COMMON_BLOCKS = YES;
				GCC_WARN_64_TO_32_BIT_CONVERSION = YES;
				GCC_WARN_ABOUT_RETURN_TYPE = YES_ERROR;
				GCC_WARN_UNDECLARED_SELECTOR = YES;
				GCC_WARN_UNINITIALIZED_AUTOS = YES_AGGRESSIVE;
				GCC_WARN_UNUSED_FUNCTION = YES;
				GCC_WARN_UNUSED_VARIABLE = YES;
				IPHONEOS_DEPLOYMENT_TARGET = 16.4;
				MTL_ENABLE_DEBUG_INFO = NO;
				MTL_FAST_MATH = YES;
				SDKROOT = iphoneos;
				SWIFT_COMPILATION_MODE = wholemodule;
				SWIFT_OPTIMIZATION_LEVEL = "-O";
				VALIDATE_PRODUCT = YES;
			};
			name = Release;
		};
		A71D03262A8DCDA8002FC9F0 /* Debug */ = {
			isa = XCBuildConfiguration;
			buildSettings = {
				ASSETCATALOG_COMPILER_APPICON_NAME = AppIcon;
				ASSETCATALOG_COMPILER_GLOBAL_ACCENT_COLOR_NAME = AccentColor;
				CODE_SIGN_STYLE = Automatic;
				CURRENT_PROJECT_VERSION = 1;
				DEVELOPMENT_ASSET_PATHS = "\"Landmarks/Preview Content\"";
				ENABLE_PREVIEWS = YES;
				GENERATE_INFOPLIST_FILE = YES;
				INFOPLIST_KEY_UIApplicationSceneManifest_Generation = YES;
				INFOPLIST_KEY_UIApplicationSupportsIndirectInputEvents = YES;
				INFOPLIST_KEY_UILaunchScreen_Generation = YES;
				INFOPLIST_KEY_UISupportedInterfaceOrientations_iPad = "UIInterfaceOrientationPortrait UIInterfaceOrientationPortraitUpsideDown UIInterfaceOrientationLandscapeLeft UIInterfaceOrientationLandscapeRight";
				INFOPLIST_KEY_UISupportedInterfaceOrientations_iPhone = "UIInterfaceOrientationPortrait UIInterfaceOrientationLandscapeLeft UIInterfaceOrientationLandscapeRight";
				LD_RUNPATH_SEARCH_PATHS = (
					"$(inherited)",
					"@executable_path/Frameworks",
				);
				MARKETING_VERSION = 1.0;
				PRODUCT_BUNDLE_IDENTIFIER = io.github.fuadreza.Landmarks;
				PRODUCT_NAME = "$(TARGET_NAME)";
				SWIFT_EMIT_LOC_STRINGS = YES;
				SWIFT_VERSION = 5.0;
				TARGETED_DEVICE_FAMILY = "1,2";
			};
			name = Debug;
		};
		A71D03272A8DCDA8002FC9F0 /* Release */ = {
			isa = XCBuildConfiguration;
			buildSettings = {
				ASSETCATALOG_COMPILER_APPICON_NAME = AppIcon;
				ASSETCATALOG_COMPILER_GLOBAL_ACCENT_COLOR_NAME = AccentColor;
				CODE_SIGN_STYLE = Automatic;
				CURRENT_PROJECT_VERSION = 1;
				DEVELOPMENT_ASSET_PATHS = "\"Landmarks/Preview Content\"";
				ENABLE_PREVIEWS = YES;
				GENERATE_INFOPLIST_FILE = YES;
				INFOPLIST_KEY_UIApplicationSceneManifest_Generation = YES;
				INFOPLIST_KEY_UIApplicationSupportsIndirectInputEvents = YES;
				INFOPLIST_KEY_UILaunchScreen_Generation = YES;
				INFOPLIST_KEY_UISupportedInterfaceOrientations_iPad = "UIInterfaceOrientationPortrait UIInterfaceOrientationPortraitUpsideDown UIInterfaceOrientationLandscapeLeft UIInterfaceOrientationLandscapeRight";
				INFOPLIST_KEY_UISupportedInterfaceOrientations_iPhone = "UIInterfaceOrientationPortrait UIInterfaceOrientationLandscapeLeft UIInterfaceOrientationLandscapeRight";
				LD_RUNPATH_SEARCH_PATHS = (
					"$(inherited)",
					"@executable_path/Frameworks",
				);
				MARKETING_VERSION = 1.0;
				PRODUCT_BUNDLE_IDENTIFIER = io.github.fuadreza.Landmarks;
				PRODUCT_NAME = "$(TARGET_NAME)";
				SWIFT_EMIT_LOC_STRINGS = YES;
				SWIFT_VERSION = 5.0;
				TARGETED_DEVICE_FAMILY = "1,2";
			};
			name = Release;
		};
		A71D03292A8DCDA8002FC9F0 /* Debug */ = {
			isa = XCBuildConfiguration;
			buildSettings = {
				ALWAYS_EMBED_SWIFT_STANDARD_LIBRARIES = YES;
				BUNDLE_LOADER = "$(TEST_HOST)";
				CODE_SIGN_STYLE = Automatic;
				CURRENT_PROJECT_VERSION = 1;
				GENERATE_INFOPLIST_FILE = YES;
				IPHONEOS_DEPLOYMENT_TARGET = 16.4;
				MARKETING_VERSION = 1.0;
				PRODUCT_BUNDLE_IDENTIFIER = io.github.fuadreza.LandmarksTests;
				PRODUCT_NAME = "$(TARGET_NAME)";
				SWIFT_EMIT_LOC_STRINGS = NO;
				SWIFT_VERSION = 5.0;
				TARGETED_DEVICE_FAMILY = "1,2";
				TEST_HOST = "$(BUILT_PRODUCTS_DIR)/IndonesiaIndependenceDay.app/$(BUNDLE_EXECUTABLE_FOLDER_PATH)/IndonesiaIndependenceDay";
			};
			name = Debug;
		};
		A71D032A2A8DCDA8002FC9F0 /* Release */ = {
			isa = XCBuildConfiguration;
			buildSettings = {
				ALWAYS_EMBED_SWIFT_STANDARD_LIBRARIES = YES;
				BUNDLE_LOADER = "$(TEST_HOST)";
				CODE_SIGN_STYLE = Automatic;
				CURRENT_PROJECT_VERSION = 1;
				GENERATE_INFOPLIST_FILE = YES;
				IPHONEOS_DEPLOYMENT_TARGET = 16.4;
				MARKETING_VERSION = 1.0;
				PRODUCT_BUNDLE_IDENTIFIER = io.github.fuadreza.LandmarksTests;
				PRODUCT_NAME = "$(TARGET_NAME)";
				SWIFT_EMIT_LOC_STRINGS = NO;
				SWIFT_VERSION = 5.0;
				TARGETED_DEVICE_FAMILY = "1,2";
				TEST_HOST = "$(BUILT_PRODUCTS_DIR)/IndonesiaIndependenceDay.app/$(BUNDLE_EXECUTABLE_FOLDER_PATH)/IndonesiaIndependenceDay";
			};
			name = Release;
		};
		A71D032C2A8DCDA8002FC9F0 /* Debug */ = {
			isa = XCBuildConfiguration;
			buildSettings = {
				ALWAYS_EMBED_SWIFT_STANDARD_LIBRARIES = YES;
				CODE_SIGN_STYLE = Automatic;
				CURRENT_PROJECT_VERSION = 1;
				GENERATE_INFOPLIST_FILE = YES;
				MARKETING_VERSION = 1.0;
				PRODUCT_BUNDLE_IDENTIFIER = io.github.fuadreza.LandmarksUITests;
				PRODUCT_NAME = "$(TARGET_NAME)";
				SWIFT_EMIT_LOC_STRINGS = NO;
				SWIFT_VERSION = 5.0;
				TARGETED_DEVICE_FAMILY = "1,2";
				TEST_TARGET_NAME = Landmarks;
			};
			name = Debug;
		};
		A71D032D2A8DCDA8002FC9F0 /* Release */ = {
			isa = XCBuildConfiguration;
			buildSettings = {
				ALWAYS_EMBED_SWIFT_STANDARD_LIBRARIES = YES;
				CODE_SIGN_STYLE = Automatic;
				CURRENT_PROJECT_VERSION = 1;
				GENERATE_INFOPLIST_FILE = YES;
				MARKETING_VERSION = 1.0;
				PRODUCT_BUNDLE_IDENTIFIER = io.github.fuadreza.LandmarksUITests;
				PRODUCT_NAME = "$(TARGET_NAME)";
				SWIFT_EMIT_LOC_STRINGS = NO;
				SWIFT_VERSION = 5.0;
				TARGETED_DEVICE_FAMILY = "1,2";
				TEST_TARGET_NAME = Landmarks;
			};
			name = Release;
		};
/* End XCBuildConfiguration section */

/* Begin XCConfigurationList section */
		A71D02FC2A8DCDA7002FC9F0 /* Build configuration list for PBXProject "IndonesiaIndependenceDay" */ = {
			isa = XCConfigurationList;
			buildConfigurations = (
				A71D03232A8DCDA8002FC9F0 /* Debug */,
				A71D03242A8DCDA8002FC9F0 /* Release */,
			);
			defaultConfigurationIsVisible = 0;
			defaultConfigurationName = Release;
		};
		A71D03252A8DCDA8002FC9F0 /* Build configuration list for PBXNativeTarget "IndonesiaIndependenceDay" */ = {
			isa = XCConfigurationList;
			buildConfigurations = (
				A71D03262A8DCDA8002FC9F0 /* Debug */,
				A71D03272A8DCDA8002FC9F0 /* Release */,
			);
			defaultConfigurationIsVisible = 0;
			defaultConfigurationName = Release;
		};
		A71D03282A8DCDA8002FC9F0 /* Build configuration list for PBXNativeTarget "IndonesiaIndependenceDayTests" */ = {
			isa = XCConfigurationList;
			buildConfigurations = (
				A71D03292A8DCDA8002FC9F0 /* Debug */,
				A71D032A2A8DCDA8002FC9F0 /* Release */,
			);
			defaultConfigurationIsVisible = 0;
			defaultConfigurationName = Release;
		};
		A71D032B2A8DCDA8002FC9F0 /* Build configuration list for PBXNativeTarget "IndonesiaIndependenceDayUITests" */ = {
			isa = XCConfigurationList;
			buildConfigurations = (
				A71D032C2A8DCDA8002FC9F0 /* Debug */,
				A71D032D2A8DCDA8002FC9F0 /* Release */,
			);
			defaultConfigurationIsVisible = 0;
			defaultConfigurationName = Release;
		};
/* End XCConfigurationList section */
	};
	rootObject = A71D02F92A8DCDA7002FC9F0 /* Project object */;
}
